
Microsoft Visual Studio Solution File, Format Version 12.00
# Visual Studio Version 16
VisualStudioVersion = 16.0.29411.108
MinimumVisualStudioVersion = 10.0.40219.1
Project("{9A19103F-16F7-4668-BE54-9A1E7A4F7556}") = "Penguin.Web.Email.Templating", "Penguin.Web.Email.Templating.csproj", "{B8872594-9592-4BBC-9E43-22D08BD1B4A0}"
EndProject
Global
	GlobalSection(SolutionConfigurationPlatforms) = preSolution
		Debug|Any CPU = Debug|Any CPU
		Release|Any CPU = Release|Any CPU
	EndGlobalSection
	GlobalSection(ProjectConfigurationPlatforms) = postSolution
		{B8872594-9592-4BBC-9E43-22D08BD1B4A0}.Debug|Any CPU.ActiveCfg = Debug|Any CPU
		{B8872594-9592-4BBC-9E43-22D08BD1B4A0}.Debug|Any CPU.Build.0 = Debug|Any CPU
		{B8872594-9592-4BBC-9E43-22D08BD1B4A0}.Release|Any CPU.ActiveCfg = Release|Any CPU
		{B8872594-9592-4BBC-9E43-22D08BD1B4A0}.Release|Any CPU.Build.0 = Release|Any CPU
	EndGlobalSection
	GlobalSection(SolutionProperties) = preSolution
		HideSolutionNode = FALSE
	EndGlobalSection
	GlobalSection(ExtensibilityGlobals) = postSolution
		SolutionGuid = {9EC93B1F-33C2-4EF6-9DD8-DF1DA0E195D8}
	EndGlobalSection
EndGlobal
